// !$*UTF8*$!
{
	archiveVersion = 1;
	classes = {
	};
	objectVersion = 46;
	objects = {

/* Begin PBXBuildFile section */
		30B4C117B71EB8D25D725B6A /* libPods-Baisi.a in Frameworks */ = {isa = PBXBuildFile; fileRef = BBCA8467E5DCAB43B8714F0D /* libPods-Baisi.a */; };
		D012EFC11E8CEF5500BC28A1 /* WYPublishViewController.m in Sources */ = {isa = PBXBuildFile; fileRef = D012EFC01E8CEF5500BC28A1 /* WYPublishViewController.m */; };
		D012EFC91E8D213A00BC28A1 /* WYNullViewController.m in Sources */ = {isa = PBXBuildFile; fileRef = D012EFC61E8D213A00BC28A1 /* WYNullViewController.m */; };
		D012EFCA1E8D213A00BC28A1 /* WYTabBarController.m in Sources */ = {isa = PBXBuildFile; fileRef = D012EFC81E8D213A00BC28A1 /* WYTabBarController.m */; };
		D012EFCD1E8D310900BC28A1 /* UIView+Extension.m in Sources */ = {isa = PBXBuildFile; fileRef = D012EFCC1E8D310900BC28A1 /* UIView+Extension.m */; };
		D01DDFEE1E8F583C00A05DD1 /* WYRecommendViewController.m in Sources */ = {isa = PBXBuildFile; fileRef = D01DDFEC1E8F583C00A05DD1 /* WYRecommendViewController.m */; };
		D01DDFEF1E8F583C00A05DD1 /* WYRecommendViewController.xib in Resources */ = {isa = PBXBuildFile; fileRef = D01DDFED1E8F583C00A05DD1 /* WYRecommendViewController.xib */; };
		D01DDFF31E8F7FC900A05DD1 /* NetworkTools.m in Sources */ = {isa = PBXBuildFile; fileRef = D01DDFF21E8F7FC900A05DD1 /* NetworkTools.m */; };
		D01DDFF71E8F9FD400A05DD1 /* Foundation+Log.m in Sources */ = {isa = PBXBuildFile; fileRef = D01DDFF61E8F9FD400A05DD1 /* Foundation+Log.m */; };
		D01DDFFA1E8FA3D500A05DD1 /* WYRecommendCategory.m in Sources */ = {isa = PBXBuildFile; fileRef = D01DDFF91E8FA3D500A05DD1 /* WYRecommendCategory.m */; };
		D03484241E8A5DC900A8F6BE /* Assets.xcassets in Resources */ = {isa = PBXBuildFile; fileRef = D03484231E8A5DC900A8F6BE /* Assets.xcassets */; };
		D0368E9B1E8DE66400CF851E /* WYNavigationController.m in Sources */ = {isa = PBXBuildFile; fileRef = D0368E9A1E8DE66400CF851E /* WYNavigationController.m */; };
		D0368E9D1E8E343200CF851E /* WYFriendTrendsViewController.xib in Resources */ = {isa = PBXBuildFile; fileRef = D0368E9C1E8E343200CF851E /* WYFriendTrendsViewController.xib */; };
		D0368EA61E8E552600CF851E /* UIBarButtonItem+Extension.m in Sources */ = {isa = PBXBuildFile; fileRef = D0368EA51E8E552600CF851E /* UIBarButtonItem+Extension.m */; };
		D09759AF1E95D17600A083C3 /* WYWordTopicController.m in Sources */ = {isa = PBXBuildFile; fileRef = D09759AE1E95D17600A083C3 /* WYWordTopicController.m */; };
		D0A293731E95EEBA0088ACDB /* WYTopicCell.m in Sources */ = {isa = PBXBuildFile; fileRef = D0A293711E95EEBA0088ACDB /* WYTopicCell.m */; };
		D0A293741E95EEBA0088ACDB /* WYTopicCell.xib in Resources */ = {isa = PBXBuildFile; fileRef = D0A293721E95EEBA0088ACDB /* WYTopicCell.xib */; };
		D0AACC6B1E94BCA4001FEA52 /* WYTopic.m in Sources */ = {isa = PBXBuildFile; fileRef = D0AACC6A1E94BCA4001FEA52 /* WYTopic.m */; };
		D0B188DA1E8C9A5500C1C241 /* AppDelegate.m in Sources */ = {isa = PBXBuildFile; fileRef = D0B188D81E8C9A5500C1C241 /* AppDelegate.m */; };
		D0B188DB1E8C9A5500C1C241 /* main.m in Sources */ = {isa = PBXBuildFile; fileRef = D0B188D91E8C9A5500C1C241 /* main.m */; };
		D0B188E11E8C9B2400C1C241 /* WYEssenceViewController.m in Sources */ = {isa = PBXBuildFile; fileRef = D0B188E01E8C9B2400C1C241 /* WYEssenceViewController.m */; };
		D0B188E71E8CA4EA00C1C241 /* WYConst.m in Sources */ = {isa = PBXBuildFile; fileRef = D0B188E61E8CA4EA00C1C241 /* WYConst.m */; };
		D0B188EE1E8CA89E00C1C241 /* WYNewViewController.m in Sources */ = {isa = PBXBuildFile; fileRef = D0B188ED1E8CA89E00C1C241 /* WYNewViewController.m */; };
		D0B188F11E8CA8D600C1C241 /* WYFriendTrendsViewController.m in Sources */ = {isa = PBXBuildFile; fileRef = D0B188F01E8CA8D600C1C241 /* WYFriendTrendsViewController.m */; };
		D0B188F41E8CA8F200C1C241 /* WYMeViewController.m in Sources */ = {isa = PBXBuildFile; fileRef = D0B188F31E8CA8F200C1C241 /* WYMeViewController.m */; };
		E0AB6DE61E913F3D00689BE6 /* WYRecommendUser.m in Sources */ = {isa = PBXBuildFile; fileRef = E0AB6DE51E913F3D00689BE6 /* WYRecommendUser.m */; };
		E0E72F1F1EA0099A00CB4658 /* NSDate+Extension.m in Sources */ = {isa = PBXBuildFile; fileRef = E0E72F1E1EA0099A00CB4658 /* NSDate+Extension.m */; };
		E0F848AD1E916DCA008EE633 /* WYRecommendCategoryCell.m in Sources */ = {isa = PBXBuildFile; fileRef = E0F848AB1E916DCA008EE633 /* WYRecommendCategoryCell.m */; };
		E0F848AE1E916DCA008EE633 /* WYRecommendCategoryCell.xib in Resources */ = {isa = PBXBuildFile; fileRef = E0F848AC1E916DCA008EE633 /* WYRecommendCategoryCell.xib */; };
		E0F848B21E917F0B008EE633 /* WYRecommendUserCell.m in Sources */ = {isa = PBXBuildFile; fileRef = E0F848B01E917F0B008EE633 /* WYRecommendUserCell.m */; };
		E0F848B31E917F0B008EE633 /* WYRecommendUserCell.xib in Resources */ = {isa = PBXBuildFile; fileRef = E0F848B11E917F0B008EE633 /* WYRecommendUserCell.xib */; };
		E0F848B61E9183B8008EE633 /* UIImageView+Extension.m in Sources */ = {isa = PBXBuildFile; fileRef = E0F848B51E9183B8008EE633 /* UIImageView+Extension.m */; };
		E0F848B91E918AA4008EE633 /* WYPageContentView.m in Sources */ = {isa = PBXBuildFile; fileRef = E0F848B81E918AA4008EE633 /* WYPageContentView.m */; };
		E0F848BC1E91A647008EE633 /* WYPageTitleView.m in Sources */ = {isa = PBXBuildFile; fileRef = E0F848BB1E91A647008EE633 /* WYPageTitleView.m */; };
/* End PBXBuildFile section */

/* Begin PBXFileReference section */
		60B99E1630FFCA95FBC14FB9 /* Pods-Baisi.release.xcconfig */ = {isa = PBXFileReference; includeInIndex = 1; lastKnownFileType = text.xcconfig; name = "Pods-Baisi.release.xcconfig"; path = "Pods/Target Support Files/Pods-Baisi/Pods-Baisi.release.xcconfig"; sourceTree = "<group>"; };
		96E1C24611C022BA36FABC9B /* Pods-Baisi.debug.xcconfig */ = {isa = PBXFileReference; includeInIndex = 1; lastKnownFileType = text.xcconfig; name = "Pods-Baisi.debug.xcconfig"; path = "Pods/Target Support Files/Pods-Baisi/Pods-Baisi.debug.xcconfig"; sourceTree = "<group>"; };
		BBCA8467E5DCAB43B8714F0D /* libPods-Baisi.a */ = {isa = PBXFileReference; explicitFileType = archive.ar; includeInIndex = 0; path = "libPods-Baisi.a"; sourceTree = BUILT_PRODUCTS_DIR; };
		D012EFBF1E8CEF5500BC28A1 /* WYPublishViewController.h */ = {isa = PBXFileReference; fileEncoding = 4; lastKnownFileType = sourcecode.c.h; path = WYPublishViewController.h; sourceTree = "<group>"; };
		D012EFC01E8CEF5500BC28A1 /* WYPublishViewController.m */ = {isa = PBXFileReference; fileEncoding = 4; lastKnownFileType = sourcecode.c.objc; path = WYPublishViewController.m; sourceTree = "<group>"; };
		D012EFC51E8D213A00BC28A1 /* WYNullViewController.h */ = {isa = PBXFileReference; fileEncoding = 4; lastKnownFileType = sourcecode.c.h; path = WYNullViewController.h; sourceTree = "<group>"; };
		D012EFC61E8D213A00BC28A1 /* WYNullViewController.m */ = {isa = PBXFileReference; fileEncoding = 4; lastKnownFileType = sourcecode.c.objc; path = WYNullViewController.m; sourceTree = "<group>"; };
		D012EFC71E8D213A00BC28A1 /* WYTabBarController.h */ = {isa = PBXFileReference; fileEncoding = 4; lastKnownFileType = sourcecode.c.h; path = WYTabBarController.h; sourceTree = "<group>"; };
		D012EFC81E8D213A00BC28A1 /* WYTabBarController.m */ = {isa = PBXFileReference; fileEncoding = 4; lastKnownFileType = sourcecode.c.objc; path = WYTabBarController.m; sourceTree = "<group>"; };
		D012EFCB1E8D310900BC28A1 /* UIView+Extension.h */ = {isa = PBXFileReference; fileEncoding = 4; lastKnownFileType = sourcecode.c.h; path = "UIView+Extension.h"; sourceTree = "<group>"; };
		D012EFCC1E8D310900BC28A1 /* UIView+Extension.m */ = {isa = PBXFileReference; fileEncoding = 4; lastKnownFileType = sourcecode.c.objc; path = "UIView+Extension.m"; sourceTree = "<group>"; };
		D01DDFEB1E8F583C00A05DD1 /* WYRecommendViewController.h */ = {isa = PBXFileReference; fileEncoding = 4; lastKnownFileType = sourcecode.c.h; path = WYRecommendViewController.h; sourceTree = "<group>"; };
		D01DDFEC1E8F583C00A05DD1 /* WYRecommendViewController.m */ = {isa = PBXFileReference; fileEncoding = 4; lastKnownFileType = sourcecode.c.objc; path = WYRecommendViewController.m; sourceTree = "<group>"; };
		D01DDFED1E8F583C00A05DD1 /* WYRecommendViewController.xib */ = {isa = PBXFileReference; fileEncoding = 4; lastKnownFileType = file.xib; path = WYRecommendViewController.xib; sourceTree = "<group>"; };
		D01DDFF11E8F7FC900A05DD1 /* NetworkTools.h */ = {isa = PBXFileReference; fileEncoding = 4; lastKnownFileType = sourcecode.c.h; path = NetworkTools.h; sourceTree = "<group>"; };
		D01DDFF21E8F7FC900A05DD1 /* NetworkTools.m */ = {isa = PBXFileReference; fileEncoding = 4; lastKnownFileType = sourcecode.c.objc; path = NetworkTools.m; sourceTree = "<group>"; };
		D01DDFF61E8F9FD400A05DD1 /* Foundation+Log.m */ = {isa = PBXFileReference; fileEncoding = 4; lastKnownFileType = sourcecode.c.objc; path = "Foundation+Log.m"; sourceTree = "<group>"; };
		D01DDFF81E8FA3D500A05DD1 /* WYRecommendCategory.h */ = {isa = PBXFileReference; fileEncoding = 4; lastKnownFileType = sourcecode.c.h; path = WYRecommendCategory.h; sourceTree = "<group>"; };
		D01DDFF91E8FA3D500A05DD1 /* WYRecommendCategory.m */ = {isa = PBXFileReference; fileEncoding = 4; lastKnownFileType = sourcecode.c.objc; path = WYRecommendCategory.m; sourceTree = "<group>"; };
		D03484141E8A5DC900A8F6BE /* 百思不得姐.app */ = {isa = PBXFileReference; explicitFileType = wrapper.application; includeInIndex = 0; path = "百思不得姐.app"; sourceTree = BUILT_PRODUCTS_DIR; };
		D03484231E8A5DC900A8F6BE /* Assets.xcassets */ = {isa = PBXFileReference; lastKnownFileType = folder.assetcatalog; path = Assets.xcassets; sourceTree = "<group>"; };
		D03484281E8A5DC900A8F6BE /* Info.plist */ = {isa = PBXFileReference; lastKnownFileType = text.plist.xml; path = Info.plist; sourceTree = "<group>"; };
		D0368E991E8DE66400CF851E /* WYNavigationController.h */ = {isa = PBXFileReference; fileEncoding = 4; lastKnownFileType = sourcecode.c.h; path = WYNavigationController.h; sourceTree = "<group>"; };
		D0368E9A1E8DE66400CF851E /* WYNavigationController.m */ = {isa = PBXFileReference; fileEncoding = 4; lastKnownFileType = sourcecode.c.objc; path = WYNavigationController.m; sourceTree = "<group>"; };
		D0368E9C1E8E343200CF851E /* WYFriendTrendsViewController.xib */ = {isa = PBXFileReference; fileEncoding = 4; lastKnownFileType = file.xib; path = WYFriendTrendsViewController.xib; sourceTree = "<group>"; };
		D0368EA41E8E552600CF851E /* UIBarButtonItem+Extension.h */ = {isa = PBXFileReference; fileEncoding = 4; lastKnownFileType = sourcecode.c.h; path = "UIBarButtonItem+Extension.h"; sourceTree = "<group>"; };
		D0368EA51E8E552600CF851E /* UIBarButtonItem+Extension.m */ = {isa = PBXFileReference; fileEncoding = 4; lastKnownFileType = sourcecode.c.objc; path = "UIBarButtonItem+Extension.m"; sourceTree = "<group>"; };
		D09759AD1E95D17600A083C3 /* WYWordTopicController.h */ = {isa = PBXFileReference; fileEncoding = 4; lastKnownFileType = sourcecode.c.h; path = WYWordTopicController.h; sourceTree = "<group>"; };
		D09759AE1E95D17600A083C3 /* WYWordTopicController.m */ = {isa = PBXFileReference; fileEncoding = 4; lastKnownFileType = sourcecode.c.objc; path = WYWordTopicController.m; sourceTree = "<group>"; };
		D0A293701E95EEBA0088ACDB /* WYTopicCell.h */ = {isa = PBXFileReference; fileEncoding = 4; lastKnownFileType = sourcecode.c.h; path = WYTopicCell.h; sourceTree = "<group>"; };
		D0A293711E95EEBA0088ACDB /* WYTopicCell.m */ = {isa = PBXFileReference; fileEncoding = 4; lastKnownFileType = sourcecode.c.objc; path = WYTopicCell.m; sourceTree = "<group>"; };
		D0A293721E95EEBA0088ACDB /* WYTopicCell.xib */ = {isa = PBXFileReference; fileEncoding = 4; lastKnownFileType = file.xib; path = WYTopicCell.xib; sourceTree = "<group>"; };
		D0AACC691E94BCA4001FEA52 /* WYTopic.h */ = {isa = PBXFileReference; fileEncoding = 4; lastKnownFileType = sourcecode.c.h; path = WYTopic.h; sourceTree = "<group>"; };
		D0AACC6A1E94BCA4001FEA52 /* WYTopic.m */ = {isa = PBXFileReference; fileEncoding = 4; lastKnownFileType = sourcecode.c.objc; path = WYTopic.m; sourceTree = "<group>"; };
		D0B188D71E8C9A5500C1C241 /* AppDelegate.h */ = {isa = PBXFileReference; fileEncoding = 4; lastKnownFileType = sourcecode.c.h; path = AppDelegate.h; sourceTree = "<group>"; };
		D0B188D81E8C9A5500C1C241 /* AppDelegate.m */ = {isa = PBXFileReference; fileEncoding = 4; lastKnownFileType = sourcecode.c.objc; path = AppDelegate.m; sourceTree = "<group>"; };
		D0B188D91E8C9A5500C1C241 /* main.m */ = {isa = PBXFileReference; fileEncoding = 4; lastKnownFileType = sourcecode.c.objc; path = main.m; sourceTree = "<group>"; };
		D0B188DF1E8C9B2400C1C241 /* WYEssenceViewController.h */ = {isa = PBXFileReference; fileEncoding = 4; lastKnownFileType = sourcecode.c.h; path = WYEssenceViewController.h; sourceTree = "<group>"; };
		D0B188E01E8C9B2400C1C241 /* WYEssenceViewController.m */ = {isa = PBXFileReference; fileEncoding = 4; lastKnownFileType = sourcecode.c.objc; path = WYEssenceViewController.m; sourceTree = "<group>"; };
		D0B188E21E8C9B7A00C1C241 /* PrefixHeader.pch */ = {isa = PBXFileReference; fileEncoding = 4; lastKnownFileType = sourcecode.c.h; path = PrefixHeader.pch; sourceTree = "<group>"; };
		D0B188E51E8CA4EA00C1C241 /* WYConst.h */ = {isa = PBXFileReference; fileEncoding = 4; lastKnownFileType = sourcecode.c.h; path = WYConst.h; sourceTree = "<group>"; };
		D0B188E61E8CA4EA00C1C241 /* WYConst.m */ = {isa = PBXFileReference; fileEncoding = 4; lastKnownFileType = sourcecode.c.objc; path = WYConst.m; sourceTree = "<group>"; };
		D0B188EC1E8CA89E00C1C241 /* WYNewViewController.h */ = {isa = PBXFileReference; fileEncoding = 4; lastKnownFileType = sourcecode.c.h; path = WYNewViewController.h; sourceTree = "<group>"; };
		D0B188ED1E8CA89E00C1C241 /* WYNewViewController.m */ = {isa = PBXFileReference; fileEncoding = 4; lastKnownFileType = sourcecode.c.objc; path = WYNewViewController.m; sourceTree = "<group>"; };
		D0B188EF1E8CA8D600C1C241 /* WYFriendTrendsViewController.h */ = {isa = PBXFileReference; fileEncoding = 4; lastKnownFileType = sourcecode.c.h; path = WYFriendTrendsViewController.h; sourceTree = "<group>"; };
		D0B188F01E8CA8D600C1C241 /* WYFriendTrendsViewController.m */ = {isa = PBXFileReference; fileEncoding = 4; lastKnownFileType = sourcecode.c.objc; path = WYFriendTrendsViewController.m; sourceTree = "<group>"; };
		D0B188F21E8CA8F200C1C241 /* WYMeViewController.h */ = {isa = PBXFileReference; fileEncoding = 4; lastKnownFileType = sourcecode.c.h; path = WYMeViewController.h; sourceTree = "<group>"; };
		D0B188F31E8CA8F200C1C241 /* WYMeViewController.m */ = {isa = PBXFileReference; fileEncoding = 4; lastKnownFileType = sourcecode.c.objc; path = WYMeViewController.m; sourceTree = "<group>"; };
		E0AB6DE41E913F3D00689BE6 /* WYRecommendUser.h */ = {isa = PBXFileReference; fileEncoding = 4; lastKnownFileType = sourcecode.c.h; path = WYRecommendUser.h; sourceTree = "<group>"; };
		E0AB6DE51E913F3D00689BE6 /* WYRecommendUser.m */ = {isa = PBXFileReference; fileEncoding = 4; lastKnownFileType = sourcecode.c.objc; path = WYRecommendUser.m; sourceTree = "<group>"; };
		E0E72F1D1EA0099A00CB4658 /* NSDate+Extension.h */ = {isa = PBXFileReference; fileEncoding = 4; lastKnownFileType = sourcecode.c.h; path = "NSDate+Extension.h"; sourceTree = "<group>"; };
		E0E72F1E1EA0099A00CB4658 /* NSDate+Extension.m */ = {isa = PBXFileReference; fileEncoding = 4; lastKnownFileType = sourcecode.c.objc; path = "NSDate+Extension.m"; sourceTree = "<group>"; };
		E0F848AA1E916DCA008EE633 /* WYRecommendCategoryCell.h */ = {isa = PBXFileReference; fileEncoding = 4; lastKnownFileType = sourcecode.c.h; name = WYRecommendCategoryCell.h; path = "Baisi/Classes/FriendThrends-关注/Model/WYRecommendCategoryCell.h"; sourceTree = SOURCE_ROOT; };
		E0F848AB1E916DCA008EE633 /* WYRecommendCategoryCell.m */ = {isa = PBXFileReference; fileEncoding = 4; lastKnownFileType = sourcecode.c.objc; name = WYRecommendCategoryCell.m; path = "Baisi/Classes/FriendThrends-关注/Model/WYRecommendCategoryCell.m"; sourceTree = SOURCE_ROOT; };
		E0F848AC1E916DCA008EE633 /* WYRecommendCategoryCell.xib */ = {isa = PBXFileReference; fileEncoding = 4; lastKnownFileType = file.xib; name = WYRecommendCategoryCell.xib; path = "Baisi/Classes/FriendThrends-关注/Model/WYRecommendCategoryCell.xib"; sourceTree = SOURCE_ROOT; };
		E0F848AF1E917F0B008EE633 /* WYRecommendUserCell.h */ = {isa = PBXFileReference; fileEncoding = 4; lastKnownFileType = sourcecode.c.h; name = WYRecommendUserCell.h; path = "Baisi/Classes/FriendThrends-关注/Model/WYRecommendUserCell.h"; sourceTree = SOURCE_ROOT; };
		E0F848B01E917F0B008EE633 /* WYRecommendUserCell.m */ = {isa = PBXFileReference; fileEncoding = 4; lastKnownFileType = sourcecode.c.objc; name = WYRecommendUserCell.m; path = "Baisi/Classes/FriendThrends-关注/Model/WYRecommendUserCell.m"; sourceTree = SOURCE_ROOT; };
		E0F848B11E917F0B008EE633 /* WYRecommendUserCell.xib */ = {isa = PBXFileReference; fileEncoding = 4; lastKnownFileType = file.xib; name = WYRecommendUserCell.xib; path = "Baisi/Classes/FriendThrends-关注/Model/WYRecommendUserCell.xib"; sourceTree = SOURCE_ROOT; };
		E0F848B41E9183B8008EE633 /* UIImageView+Extension.h */ = {isa = PBXFileReference; fileEncoding = 4; lastKnownFileType = sourcecode.c.h; path = "UIImageView+Extension.h"; sourceTree = "<group>"; };
		E0F848B51E9183B8008EE633 /* UIImageView+Extension.m */ = {isa = PBXFileReference; fileEncoding = 4; lastKnownFileType = sourcecode.c.objc; path = "UIImageView+Extension.m"; sourceTree = "<group>"; };
		E0F848B71E918AA4008EE633 /* WYPageContentView.h */ = {isa = PBXFileReference; fileEncoding = 4; lastKnownFileType = sourcecode.c.h; name = WYPageContentView.h; path = "Baisi/Classes/Other-其他/Category/WYPageContentView.h"; sourceTree = SOURCE_ROOT; };
		E0F848B81E918AA4008EE633 /* WYPageContentView.m */ = {isa = PBXFileReference; fileEncoding = 4; lastKnownFileType = sourcecode.c.objc; name = WYPageContentView.m; path = "Baisi/Classes/Other-其他/Category/WYPageContentView.m"; sourceTree = SOURCE_ROOT; };
		E0F848BA1E91A647008EE633 /* WYPageTitleView.h */ = {isa = PBXFileReference; fileEncoding = 4; lastKnownFileType = sourcecode.c.h; name = WYPageTitleView.h; path = "Baisi/Classes/Other-其他/Category/WYPageTitleView.h"; sourceTree = SOURCE_ROOT; };
		E0F848BB1E91A647008EE633 /* WYPageTitleView.m */ = {isa = PBXFileReference; fileEncoding = 4; lastKnownFileType = sourcecode.c.objc; name = WYPageTitleView.m; path = "Baisi/Classes/Other-其他/Category/WYPageTitleView.m"; sourceTree = SOURCE_ROOT; };
/* End PBXFileReference section */

/* Begin PBXFrameworksBuildPhase section */
		D03484111E8A5DC900A8F6BE /* Frameworks */ = {
			isa = PBXFrameworksBuildPhase;
			buildActionMask = 2147483647;
			files = (
				30B4C117B71EB8D25D725B6A /* libPods-Baisi.a in Frameworks */,
			);
			runOnlyForDeploymentPostprocessing = 0;
		};
/* End PBXFrameworksBuildPhase section */

/* Begin PBXGroup section */
		BB3888C51A68C8CCF413B04B /* Frameworks */ = {
			isa = PBXGroup;
			children = (
				BBCA8467E5DCAB43B8714F0D /* libPods-Baisi.a */,
			);
			name = Frameworks;
			sourceTree = "<group>";
		};
		D01DDFF01E8F7F3200A05DD1 /* Tools */ = {
			isa = PBXGroup;
			children = (
				D01DDFF11E8F7FC900A05DD1 /* NetworkTools.h */,
				D01DDFF21E8F7FC900A05DD1 /* NetworkTools.m */,
			);
			path = Tools;
			sourceTree = "<group>";
		};
		D034840B1E8A5DC900A8F6BE = {
			isa = PBXGroup;
			children = (
				D03484161E8A5DC900A8F6BE /* Baisi */,
				D03484151E8A5DC900A8F6BE /* Products */,
				D688E13474B77B019D1E4932 /* Pods */,
				BB3888C51A68C8CCF413B04B /* Frameworks */,
			);
			sourceTree = "<group>";
		};
		D03484151E8A5DC900A8F6BE /* Products */ = {
			isa = PBXGroup;
			children = (
				D03484141E8A5DC900A8F6BE /* 百思不得姐.app */,
			);
			name = Products;
			sourceTree = "<group>";
		};
		D03484161E8A5DC900A8F6BE /* Baisi */ = {
			isa = PBXGroup;
			children = (
				D0B188BE1E8C997900C1C241 /* Classes */,
				D03484171E8A5DC900A8F6BE /* Supporting Files */,
			);
			path = Baisi;
			sourceTree = "<group>";
		};
		D03484171E8A5DC900A8F6BE /* Supporting Files */ = {
			isa = PBXGroup;
			children = (
				D03484231E8A5DC900A8F6BE /* Assets.xcassets */,
				D03484281E8A5DC900A8F6BE /* Info.plist */,
			);
			name = "Supporting Files";
			sourceTree = "<group>";
		};
		D0B188BE1E8C997900C1C241 /* Classes */ = {
			isa = PBXGroup;
			children = (
				D0B188BF1E8C997900C1C241 /* Essence-精华 */,
				D0B188CB1E8C997900C1C241 /* New-新帖 */,
				D0B188D31E8C997900C1C241 /* Publish-发布 */,
				D0B188C31E8C997900C1C241 /* FriendThrends-关注 */,
				D0B188C71E8C997900C1C241 /* Me-我 */,
				D0B188CF1E8C997900C1C241 /* Other-其他 */,
			);
			path = Classes;
			sourceTree = "<group>";
		};
		D0B188BF1E8C997900C1C241 /* Essence-精华 */ = {
			isa = PBXGroup;
			children = (
				D0B188C01E8C997900C1C241 /* Controller */,
				D0B188C11E8C997900C1C241 /* Model */,
				D0B188C21E8C997900C1C241 /* View */,
			);
			path = "Essence-精华";
			sourceTree = "<group>";
		};
		D0B188C01E8C997900C1C241 /* Controller */ = {
			isa = PBXGroup;
			children = (
				D0B188DF1E8C9B2400C1C241 /* WYEssenceViewController.h */,
				D0B188E01E8C9B2400C1C241 /* WYEssenceViewController.m */,
				D09759AD1E95D17600A083C3 /* WYWordTopicController.h */,
				D09759AE1E95D17600A083C3 /* WYWordTopicController.m */,
			);
			path = Controller;
			sourceTree = "<group>";
		};
		D0B188C11E8C997900C1C241 /* Model */ = {
			isa = PBXGroup;
			children = (
				D0AACC691E94BCA4001FEA52 /* WYTopic.h */,
				D0AACC6A1E94BCA4001FEA52 /* WYTopic.m */,
			);
			path = Model;
			sourceTree = "<group>";
		};
		D0B188C21E8C997900C1C241 /* View */ = {
			isa = PBXGroup;
			children = (
				D0A293701E95EEBA0088ACDB /* WYTopicCell.h */,
				D0A293711E95EEBA0088ACDB /* WYTopicCell.m */,
				D0A293721E95EEBA0088ACDB /* WYTopicCell.xib */,
			);
			path = View;
			sourceTree = "<group>";
		};
		D0B188C31E8C997900C1C241 /* FriendThrends-关注 */ = {
			isa = PBXGroup;
			children = (
				D0B188C41E8C997900C1C241 /* Controller */,
				D0B188C51E8C997900C1C241 /* Model */,
				D0B188C61E8C997900C1C241 /* View */,
			);
			path = "FriendThrends-关注";
			sourceTree = "<group>";
		};
		D0B188C41E8C997900C1C241 /* Controller */ = {
			isa = PBXGroup;
			children = (
				D0B188EF1E8CA8D600C1C241 /* WYFriendTrendsViewController.h */,
				D0B188F01E8CA8D600C1C241 /* WYFriendTrendsViewController.m */,
				D0368E9C1E8E343200CF851E /* WYFriendTrendsViewController.xib */,
				D01DDFEB1E8F583C00A05DD1 /* WYRecommendViewController.h */,
				D01DDFEC1E8F583C00A05DD1 /* WYRecommendViewController.m */,
				D01DDFED1E8F583C00A05DD1 /* WYRecommendViewController.xib */,
			);
			path = Controller;
			sourceTree = "<group>";
		};
		D0B188C51E8C997900C1C241 /* Model */ = {
			isa = PBXGroup;
			children = (
				D01DDFF81E8FA3D500A05DD1 /* WYRecommendCategory.h */,
				D01DDFF91E8FA3D500A05DD1 /* WYRecommendCategory.m */,
				E0AB6DE41E913F3D00689BE6 /* WYRecommendUser.h */,
				E0AB6DE51E913F3D00689BE6 /* WYRecommendUser.m */,
			);
			path = Model;
			sourceTree = "<group>";
		};
		D0B188C61E8C997900C1C241 /* View */ = {
			isa = PBXGroup;
			children = (
				E0F848AA1E916DCA008EE633 /* WYRecommendCategoryCell.h */,
				E0F848AB1E916DCA008EE633 /* WYRecommendCategoryCell.m */,
				E0F848AC1E916DCA008EE633 /* WYRecommendCategoryCell.xib */,
				E0F848AF1E917F0B008EE633 /* WYRecommendUserCell.h */,
				E0F848B01E917F0B008EE633 /* WYRecommendUserCell.m */,
				E0F848B11E917F0B008EE633 /* WYRecommendUserCell.xib */,
			);
			path = View;
			sourceTree = "<group>";
		};
		D0B188C71E8C997900C1C241 /* Me-我 */ = {
			isa = PBXGroup;
			children = (
				D0B188C81E8C997900C1C241 /* Controller */,
				D0B188C91E8C997900C1C241 /* Model */,
				D0B188CA1E8C997900C1C241 /* View */,
			);
			path = "Me-我";
			sourceTree = "<group>";
		};
		D0B188C81E8C997900C1C241 /* Controller */ = {
			isa = PBXGroup;
			children = (
				D0B188F21E8CA8F200C1C241 /* WYMeViewController.h */,
				D0B188F31E8CA8F200C1C241 /* WYMeViewController.m */,
			);
			path = Controller;
			sourceTree = "<group>";
		};
		D0B188C91E8C997900C1C241 /* Model */ = {
			isa = PBXGroup;
			children = (
			);
			path = Model;
			sourceTree = "<group>";
		};
		D0B188CA1E8C997900C1C241 /* View */ = {
			isa = PBXGroup;
			children = (
			);
			path = View;
			sourceTree = "<group>";
		};
		D0B188CB1E8C997900C1C241 /* New-新帖 */ = {
			isa = PBXGroup;
			children = (
				D0B188CC1E8C997900C1C241 /* Controller */,
				D0B188CD1E8C997900C1C241 /* Model */,
				D0B188CE1E8C997900C1C241 /* View */,
			);
			path = "New-新帖";
			sourceTree = "<group>";
		};
		D0B188CC1E8C997900C1C241 /* Controller */ = {
			isa = PBXGroup;
			children = (
				D0B188EC1E8CA89E00C1C241 /* WYNewViewController.h */,
				D0B188ED1E8CA89E00C1C241 /* WYNewViewController.m */,
			);
			path = Controller;
			sourceTree = "<group>";
		};
		D0B188CD1E8C997900C1C241 /* Model */ = {
			isa = PBXGroup;
			children = (
			);
			path = Model;
			sourceTree = "<group>";
		};
		D0B188CE1E8C997900C1C241 /* View */ = {
			isa = PBXGroup;
			children = (
			);
			path = View;
			sourceTree = "<group>";
		};
		D0B188CF1E8C997900C1C241 /* Other-其他 */ = {
			isa = PBXGroup;
			children = (
				D0B188D01E8C997900C1C241 /* Controller */,
				D0B188D11E8C997900C1C241 /* Model */,
				D0B188D21E8C997900C1C241 /* View */,
				D0B188E81E8CA5F600C1C241 /* Category */,
				D01DDFF01E8F7F3200A05DD1 /* Tools */,
				D0B188D71E8C9A5500C1C241 /* AppDelegate.h */,
				D0B188D81E8C9A5500C1C241 /* AppDelegate.m */,
				D0B188E51E8CA4EA00C1C241 /* WYConst.h */,
				D0B188E61E8CA4EA00C1C241 /* WYConst.m */,
				D0B188E21E8C9B7A00C1C241 /* PrefixHeader.pch */,
				D0B188D91E8C9A5500C1C241 /* main.m */,
			);
			path = "Other-其他";
			sourceTree = "<group>";
		};
		D0B188D01E8C997900C1C241 /* Controller */ = {
			isa = PBXGroup;
			children = (
				D012EFC51E8D213A00BC28A1 /* WYNullViewController.h */,
				D012EFC61E8D213A00BC28A1 /* WYNullViewController.m */,
				D012EFC71E8D213A00BC28A1 /* WYTabBarController.h */,
				D012EFC81E8D213A00BC28A1 /* WYTabBarController.m */,
				D0368E991E8DE66400CF851E /* WYNavigationController.h */,
				D0368E9A1E8DE66400CF851E /* WYNavigationController.m */,
			);
			path = Controller;
			sourceTree = "<group>";
		};
		D0B188D11E8C997900C1C241 /* Model */ = {
			isa = PBXGroup;
			children = (
			);
			path = Model;
			sourceTree = "<group>";
		};
		D0B188D21E8C997900C1C241 /* View */ = {
			isa = PBXGroup;
			children = (
				E0F848B71E918AA4008EE633 /* WYPageContentView.h */,
				E0F848B81E918AA4008EE633 /* WYPageContentView.m */,
				E0F848BA1E91A647008EE633 /* WYPageTitleView.h */,
				E0F848BB1E91A647008EE633 /* WYPageTitleView.m */,
			);
			path = View;
			sourceTree = "<group>";
		};
		D0B188D31E8C997900C1C241 /* Publish-发布 */ = {
			isa = PBXGroup;
			children = (
				D0B188D41E8C997900C1C241 /* Controller */,
				D0B188D51E8C997900C1C241 /* Model */,
				D0B188D61E8C997900C1C241 /* View */,
			);
			path = "Publish-发布";
			sourceTree = "<group>";
		};
		D0B188D41E8C997900C1C241 /* Controller */ = {
			isa = PBXGroup;
			children = (
				D012EFBF1E8CEF5500BC28A1 /* WYPublishViewController.h */,
				D012EFC01E8CEF5500BC28A1 /* WYPublishViewController.m */,
			);
			path = Controller;
			sourceTree = "<group>";
		};
		D0B188D51E8C997900C1C241 /* Model */ = {
			isa = PBXGroup;
			children = (
			);
			path = Model;
			sourceTree = "<group>";
		};
		D0B188D61E8C997900C1C241 /* View */ = {
			isa = PBXGroup;
			children = (
			);
			path = View;
			sourceTree = "<group>";
		};
		D0B188E81E8CA5F600C1C241 /* Category */ = {
			isa = PBXGroup;
			children = (
				D01DDFF61E8F9FD400A05DD1 /* Foundation+Log.m */,
				D012EFCB1E8D310900BC28A1 /* UIView+Extension.h */,
				D012EFCC1E8D310900BC28A1 /* UIView+Extension.m */,
				D0368EA41E8E552600CF851E /* UIBarButtonItem+Extension.h */,
				D0368EA51E8E552600CF851E /* UIBarButtonItem+Extension.m */,
				E0E72F1D1EA0099A00CB4658 /* NSDate+Extension.h */,
				E0E72F1E1EA0099A00CB4658 /* NSDate+Extension.m */,
				E0F848B41E9183B8008EE633 /* UIImageView+Extension.h */,
				E0F848B51E9183B8008EE633 /* UIImageView+Extension.m */,
			);
			path = Category;
			sourceTree = "<group>";
		};
		D688E13474B77B019D1E4932 /* Pods */ = {
			isa = PBXGroup;
			children = (
				96E1C24611C022BA36FABC9B /* Pods-Baisi.debug.xcconfig */,
				60B99E1630FFCA95FBC14FB9 /* Pods-Baisi.release.xcconfig */,
			);
			name = Pods;
			sourceTree = "<group>";
		};
/* End PBXGroup section */

/* Begin PBXNativeTarget section */
		D03484131E8A5DC900A8F6BE /* Baisi */ = {
			isa = PBXNativeTarget;
			buildConfigurationList = D034842B1E8A5DC900A8F6BE /* Build configuration list for PBXNativeTarget "Baisi" */;
			buildPhases = (
				C7E1393D273CD65CA607B8B8 /* [CP] Check Pods Manifest.lock */,
				D03484101E8A5DC900A8F6BE /* Sources */,
				D03484111E8A5DC900A8F6BE /* Frameworks */,
				D03484121E8A5DC900A8F6BE /* Resources */,
				241CD6084D23828DDE8D90D4 /* [CP] Embed Pods Frameworks */,
				81EA7361A659AE8BFDF262C1 /* [CP] Copy Pods Resources */,
			);
			buildRules = (
			);
			dependencies = (
			);
			name = Baisi;
			productName = Baisi;
			productReference = D03484141E8A5DC900A8F6BE /* 百思不得姐.app */;
			productType = "com.apple.product-type.application";
		};
/* End PBXNativeTarget section */

/* Begin PBXProject section */
		D034840C1E8A5DC900A8F6BE /* Project object */ = {
			isa = PBXProject;
			attributes = {
				CLASSPREFIX = WY;
				LastUpgradeCheck = 0730;
				ORGANIZATIONNAME = WY;
				TargetAttributes = {
					D03484131E8A5DC900A8F6BE = {
						CreatedOnToolsVersion = 7.3.1;
					};
				};
			};
			buildConfigurationList = D034840F1E8A5DC900A8F6BE /* Build configuration list for PBXProject "Baisi" */;
			compatibilityVersion = "Xcode 3.2";
			developmentRegion = English;
			hasScannedForEncodings = 0;
			knownRegions = (
				en,
				Base,
			);
			mainGroup = D034840B1E8A5DC900A8F6BE;
			productRefGroup = D03484151E8A5DC900A8F6BE /* Products */;
			projectDirPath = "";
			projectRoot = "";
			targets = (
				D03484131E8A5DC900A8F6BE /* Baisi */,
			);
		};
/* End PBXProject section */

/* Begin PBXResourcesBuildPhase section */
		D03484121E8A5DC900A8F6BE /* Resources */ = {
			isa = PBXResourcesBuildPhase;
			buildActionMask = 2147483647;
			files = (
				E0F848AE1E916DCA008EE633 /* WYRecommendCategoryCell.xib in Resources */,
				D01DDFEF1E8F583C00A05DD1 /* WYRecommendViewController.xib in Resources */,
				D0368E9D1E8E343200CF851E /* WYFriendTrendsViewController.xib in Resources */,
				D03484241E8A5DC900A8F6BE /* Assets.xcassets in Resources */,
				E0F848B31E917F0B008EE633 /* WYRecommendUserCell.xib in Resources */,
				D0A293741E95EEBA0088ACDB /* WYTopicCell.xib in Resources */,
			);
			runOnlyForDeploymentPostprocessing = 0;
		};
/* End PBXResourcesBuildPhase section */

/* Begin PBXShellScriptBuildPhase section */
		241CD6084D23828DDE8D90D4 /* [CP] Embed Pods Frameworks */ = {
			isa = PBXShellScriptBuildPhase;
			buildActionMask = 2147483647;
			files = (
			);
			inputPaths = (
			);
			name = "[CP] Embed Pods Frameworks";
			outputPaths = (
			);
			runOnlyForDeploymentPostprocessing = 0;
			shellPath = /bin/sh;
			shellScript = "\"${SRCROOT}/Pods/Target Support Files/Pods-Baisi/Pods-Baisi-frameworks.sh\"\n";
			showEnvVarsInLog = 0;
		};
		81EA7361A659AE8BFDF262C1 /* [CP] Copy Pods Resources */ = {
			isa = PBXShellScriptBuildPhase;
			buildActionMask = 2147483647;
			files = (
			);
			inputPaths = (
			);
			name = "[CP] Copy Pods Resources";
			outputPaths = (
			);
			runOnlyForDeploymentPostprocessing = 0;
			shellPath = /bin/sh;
			shellScript = "\"${SRCROOT}/Pods/Target Support Files/Pods-Baisi/Pods-Baisi-resources.sh\"\n";
			showEnvVarsInLog = 0;
		};
		C7E1393D273CD65CA607B8B8 /* [CP] Check Pods Manifest.lock */ = {
			isa = PBXShellScriptBuildPhase;
			buildActionMask = 2147483647;
			files = (
			);
			inputPaths = (
			);
			name = "[CP] Check Pods Manifest.lock";
			outputPaths = (
			);
			runOnlyForDeploymentPostprocessing = 0;
			shellPath = /bin/sh;
			shellScript = "diff \"${PODS_ROOT}/../Podfile.lock\" \"${PODS_ROOT}/Manifest.lock\" > /dev/null\nif [ $? != 0 ] ; then\n    # print error to STDERR\n    echo \"error: The sandbox is not in sync with the Podfile.lock. Run 'pod install' or update your CocoaPods installation.\" >&2\n    exit 1\nfi\n";
			showEnvVarsInLog = 0;
		};
/* End PBXShellScriptBuildPhase section */

/* Begin PBXSourcesBuildPhase section */
		D03484101E8A5DC900A8F6BE /* Sources */ = {
			isa = PBXSourcesBuildPhase;
			buildActionMask = 2147483647;
			files = (
				D012EFC11E8CEF5500BC28A1 /* WYPublishViewController.m in Sources */,
				E0F848B61E9183B8008EE633 /* UIImageView+Extension.m in Sources */,
				D01DDFEE1E8F583C00A05DD1 /* WYRecommendViewController.m in Sources */,
				D0A293731E95EEBA0088ACDB /* WYTopicCell.m in Sources */,
				D0AACC6B1E94BCA4001FEA52 /* WYTopic.m in Sources */,
				D0B188F41E8CA8F200C1C241 /* WYMeViewController.m in Sources */,
				D012EFC91E8D213A00BC28A1 /* WYNullViewController.m in Sources */,
				D0B188DB1E8C9A5500C1C241 /* main.m in Sources */,
				E0F848AD1E916DCA008EE633 /* WYRecommendCategoryCell.m in Sources */,
				E0F848BC1E91A647008EE633 /* WYPageTitleView.m in Sources */,
				E0F848B91E918AA4008EE633 /* WYPageContentView.m in Sources */,
				D0B188EE1E8CA89E00C1C241 /* WYNewViewController.m in Sources */,
				D012EFCA1E8D213A00BC28A1 /* WYTabBarController.m in Sources */,
				D0B188E11E8C9B2400C1C241 /* WYEssenceViewController.m in Sources */,
				E0F848B21E917F0B008EE633 /* WYRecommendUserCell.m in Sources */,
				D0B188E71E8CA4EA00C1C241 /* WYConst.m in Sources */,
				D012EFCD1E8D310900BC28A1 /* UIView+Extension.m in Sources */,
				D0B188DA1E8C9A5500C1C241 /* AppDelegate.m in Sources */,
				E0AB6DE61E913F3D00689BE6 /* WYRecommendUser.m in Sources */,
				D0368EA61E8E552600CF851E /* UIBarButtonItem+Extension.m in Sources */,
				D01DDFF31E8F7FC900A05DD1 /* NetworkTools.m in Sources */,
				D01DDFFA1E8FA3D500A05DD1 /* WYRecommendCategory.m in Sources */,
				D0B188F11E8CA8D600C1C241 /* WYFriendTrendsViewController.m in Sources */,
				E0E72F1F1EA0099A00CB4658 /* NSDate+Extension.m in Sources */,
				D0368E9B1E8DE66400CF851E /* WYNavigationController.m in Sources */,
				D01DDFF71E8F9FD400A05DD1 /* Foundation+Log.m in Sources */,
				D09759AF1E95D17600A083C3 /* WYWordTopicController.m in Sources */,
			);
			runOnlyForDeploymentPostprocessing = 0;
		};
/* End PBXSourcesBuildPhase section */

/* Begin XCBuildConfiguration section */
		D03484291E8A5DC900A8F6BE /* Debug */ = {
			isa = XCBuildConfiguration;
			buildSettings = {
				ALWAYS_SEARCH_USER_PATHS = NO;
				CLANG_ANALYZER_NONNULL = YES;
				CLANG_CXX_LANGUAGE_STANDARD = "gnu++0x";
				CLANG_CXX_LIBRARY = "libc++";
				CLANG_ENABLE_MODULES = YES;
				CLANG_ENABLE_OBJC_ARC = YES;
				CLANG_WARN_BOOL_CONVERSION = YES;
				CLANG_WARN_CONSTANT_CONVERSION = YES;
				CLANG_WARN_DIRECT_OBJC_ISA_USAGE = YES_ERROR;
				CLANG_WARN_EMPTY_BODY = YES;
				CLANG_WARN_ENUM_CONVERSION = YES;
				CLANG_WARN_INT_CONVERSION = YES;
				CLANG_WARN_OBJC_ROOT_CLASS = YES_ERROR;
				CLANG_WARN_UNREACHABLE_CODE = YES;
				CLANG_WARN__DUPLICATE_METHOD_MATCH = YES;
				"CODE_SIGN_IDENTITY[sdk=iphoneos*]" = "iPhone Developer";
				COPY_PHASE_STRIP = NO;
				DEBUG_INFORMATION_FORMAT = dwarf;
				ENABLE_STRICT_OBJC_MSGSEND = YES;
				ENABLE_TESTABILITY = YES;
				GCC_C_LANGUAGE_STANDARD = gnu99;
				GCC_DYNAMIC_NO_PIC = NO;
				GCC_NO_COMMON_BLOCKS = YES;
				GCC_OPTIMIZATION_LEVEL = 0;
				GCC_PREPROCESSOR_DEFINITIONS = (
					"DEBUG=1",
					"$(inherited)",
				);
				GCC_WARN_64_TO_32_BIT_CONVERSION = YES;
				GCC_WARN_ABOUT_RETURN_TYPE = YES_ERROR;
				GCC_WARN_UNDECLARED_SELECTOR = YES;
				GCC_WARN_UNINITIALIZED_AUTOS = YES_AGGRESSIVE;
				GCC_WARN_UNUSED_FUNCTION = YES;
				GCC_WARN_UNUSED_VARIABLE = YES;
				IPHONEOS_DEPLOYMENT_TARGET = 9.3;
				MTL_ENABLE_DEBUG_INFO = YES;
				ONLY_ACTIVE_ARCH = YES;
				SDKROOT = iphoneos;
				TARGETED_DEVICE_FAMILY = "1,2";
			};
			name = Debug;
		};
		D034842A1E8A5DC900A8F6BE /* Release */ = {
			isa = XCBuildConfiguration;
			buildSettings = {
				ALWAYS_SEARCH_USER_PATHS = NO;
				CLANG_ANALYZER_NONNULL = YES;
				CLANG_CXX_LANGUAGE_STANDARD = "gnu++0x";
				CLANG_CXX_LIBRARY = "libc++";
				CLANG_ENABLE_MODULES = YES;
				CLANG_ENABLE_OBJC_ARC = YES;
				CLANG_WARN_BOOL_CONVERSION = YES;
				CLANG_WARN_CONSTANT_CONVERSION = YES;
				CLANG_WARN_DIRECT_OBJC_ISA_USAGE = YES_ERROR;
				CLANG_WARN_EMPTY_BODY = YES;
				CLANG_WARN_ENUM_CONVERSION = YES;
				CLANG_WARN_INT_CONVERSION = YES;
				CLANG_WARN_OBJC_ROOT_CLASS = YES_ERROR;
				CLANG_WARN_UNREACHABLE_CODE = YES;
				CLANG_WARN__DUPLICATE_METHOD_MATCH = YES;
				"CODE_SIGN_IDENTITY[sdk=iphoneos*]" = "iPhone Developer";
				COPY_PHASE_STRIP = NO;
				DEBUG_INFORMATION_FORMAT = "dwarf-with-dsym";
				ENABLE_NS_ASSERTIONS = NO;
				ENABLE_STRICT_OBJC_MSGSEND = YES;
				GCC_C_LANGUAGE_STANDARD = gnu99;
				GCC_NO_COMMON_BLOCKS = YES;
				GCC_WARN_64_TO_32_BIT_CONVERSION = YES;
				GCC_WARN_ABOUT_RETURN_TYPE = YES_ERROR;
				GCC_WARN_UNDECLARED_SELECTOR = YES;
				GCC_WARN_UNINITIALIZED_AUTOS = YES_AGGRESSIVE;
				GCC_WARN_UNUSED_FUNCTION = YES;
				GCC_WARN_UNUSED_VARIABLE = YES;
				IPHONEOS_DEPLOYMENT_TARGET = 9.3;
				MTL_ENABLE_DEBUG_INFO = NO;
				SDKROOT = iphoneos;
				TARGETED_DEVICE_FAMILY = "1,2";
				VALIDATE_PRODUCT = YES;
			};
			name = Release;
		};
		D034842C1E8A5DC900A8F6BE /* Debug */ = {
			isa = XCBuildConfiguration;
			baseConfigurationReference = 96E1C24611C022BA36FABC9B /* Pods-Baisi.debug.xcconfig */;
			buildSettings = {
				ASSETCATALOG_COMPILER_APPICON_NAME = AppIcon;
				ASSETCATALOG_COMPILER_LAUNCHIMAGE_NAME = "Brand Assets";
				GCC_PRECOMPILE_PREFIX_HEADER = YES;
				GCC_PREFIX_HEADER = "$(SRCROOT)/Baisi/Classes/Other-其他/PrefixHeader.pch";
				INFOPLIST_FILE = Baisi/Info.plist;
				IPHONEOS_DEPLOYMENT_TARGET = 8.0;
				LD_RUNPATH_SEARCH_PATHS = "$(inherited) @executable_path/Frameworks";
				PRODUCT_BUNDLE_IDENTIFIER = com.wy.Baisi;
				PRODUCT_NAME = "百思不得姐";
			};
			name = Debug;
		};
		D034842D1E8A5DC900A8F6BE /* Release */ = {
			isa = XCBuildConfiguration;
			baseConfigurationReference = 60B99E1630FFCA95FBC14FB9 /* Pods-Baisi.release.xcconfig */;
			buildSettings = {
				ASSETCATALOG_COMPILER_APPICON_NAME = AppIcon;
				ASSETCATALOG_COMPILER_LAUNCHIMAGE_NAME = "Brand Assets";
				GCC_PRECOMPILE_PREFIX_HEADER = YES;
				GCC_PREFIX_HEADER = "$(SRCROOT)/Baisi/Classes/Other-其他/PrefixHeader.pch";
				INFOPLIST_FILE = Baisi/Info.plist;
				IPHONEOS_DEPLOYMENT_TARGET = 8.0;
				LD_RUNPATH_SEARCH_PATHS = "$(inherited) @executable_path/Frameworks";
				PRODUCT_BUNDLE_IDENTIFIER = com.wy.Baisi;
				PRODUCT_NAME = "百思不得姐";
			};
			name = Release;
		};
/* End XCBuildConfiguration section */

/* Begin XCConfigurationList section */
		D034840F1E8A5DC900A8F6BE /* Build configuration list for PBXProject "Baisi" */ = {
			isa = XCConfigurationList;
			buildConfigurations = (
				D03484291E8A5DC900A8F6BE /* Debug */,
				D034842A1E8A5DC900A8F6BE /* Release */,
			);
			defaultConfigurationIsVisible = 0;
			defaultConfigurationName = Release;
		};
		D034842B1E8A5DC900A8F6BE /* Build configuration list for PBXNativeTarget "Baisi" */ = {
			isa = XCConfigurationList;
			buildConfigurations = (
				D034842C1E8A5DC900A8F6BE /* Debug */,
				D034842D1E8A5DC900A8F6BE /* Release */,
			);
			defaultConfigurationIsVisible = 0;
			defaultConfigurationName = Release;
		};
/* End XCConfigurationList section */
	};
	rootObject = D034840C1E8A5DC900A8F6BE /* Project object */;
}
